
Microsoft Visual Studio Solution File, Format Version 12.00
# Visual Studio Version 17
VisualStudioVersion = 17.7.34003.232
MinimumVisualStudioVersion = 10.0.40219.1
Project("{FAE04EC0-301F-11D3-BF4B-00C04F79EFBC}") = "Payroll", "Payroll\Payroll.csproj", "{B2ADD07B-81C6-4D88-BB4B-F014DEB35246}"
EndProject
Global
	GlobalSection(SolutionConfigurationPlatforms) = preSolution
		Debug|Any CPU = Debug|Any CPU
		Release|Any CPU = Release|Any CPU
	EndGlobalSection
	GlobalSection(ProjectConfigurationPlatforms) = postSolution
		{B2ADD07B-81C6-4D88-BB4B-F014DEB35246}.Debug|Any CPU.ActiveCfg = Debug|Any CPU
		{B2ADD07B-81C6-4D88-BB4B-F014DEB35246}.Debug|Any CPU.Build.0 = Debug|Any CPU
		{B2ADD07B-81C6-4D88-BB4B-F014DEB35246}.Release|Any CPU.ActiveCfg = Release|Any CPU
		{B2ADD07B-81C6-4D88-BB4B-F014DEB35246}.Release|Any CPU.Build.0 = Release|Any CPU
	EndGlobalSection
	GlobalSection(SolutionProperties) = preSolution
		HideSolutionNode = FALSE
	EndGlobalSection
	GlobalSection(ExtensibilityGlobals) = postSolution
		SolutionGuid = {85497D64-2D82-47EF-8660-68277D126ED5}
	EndGlobalSection
EndGlobal
